
Microsoft Visual Studio Solution File, Format Version 12.00
# Visual Studio Version 17
VisualStudioVersion = 17.13.35825.156
MinimumVisualStudioVersion = 10.0.40219.1
Project("{FAE04EC0-301F-11D3-BF4B-00C04F79EFBC}") = "BimbelBee", "BimbelBee\BimbelBee.csproj", "{07B82BD2-1085-4BC9-899A-22A5683B7564}"
EndProject
Global
	GlobalSection(SolutionConfigurationPlatforms) = preSolution
		Debug|Any CPU = Debug|Any CPU
		Release|Any CPU = Release|Any CPU
	EndGlobalSection
	GlobalSection(ProjectConfigurationPlatforms) = postSolution
		{07B82BD2-1085-4BC9-899A-22A5683B7564}.Debug|Any CPU.ActiveCfg = Debug|Any CPU
		{07B82BD2-1085-4BC9-899A-22A5683B7564}.Debug|Any CPU.Build.0 = Debug|Any CPU
		{07B82BD2-1085-4BC9-899A-22A5683B7564}.Release|Any CPU.ActiveCfg = Release|Any CPU
		{07B82BD2-1085-4BC9-899A-22A5683B7564}.Release|Any CPU.Build.0 = Release|Any CPU
	EndGlobalSection
	GlobalSection(SolutionProperties) = preSolution
		HideSolutionNode = FALSE
	EndGlobalSection
	GlobalSection(ExtensibilityGlobals) = postSolution
		SolutionGuid = {ACBB55C3-AA25-4AE0-AECB-237E7966B79C}
	EndGlobalSection
EndGlobal
